// !$*UTF8*$!
{
	archiveVersion = 1;
	classes = {
	};
	objectVersion = 46;
	objects = {

/* Begin PBXBuildFile section */
		9B9B09E7192BD5EB00F40D5C /* Foundation.framework in Frameworks */ = {isa = PBXBuildFile; fileRef = 9B9B09E6192BD5EB00F40D5C /* Foundation.framework */; };
		9B9B09E9192BD5EB00F40D5C /* CoreGraphics.framework in Frameworks */ = {isa = PBXBuildFile; fileRef = 9B9B09E8192BD5EB00F40D5C /* CoreGraphics.framework */; };
		9B9B09EB192BD5EB00F40D5C /* UIKit.framework in Frameworks */ = {isa = PBXBuildFile; fileRef = 9B9B09EA192BD5EB00F40D5C /* UIKit.framework */; };
		9B9B09F1192BD5EB00F40D5C /* InfoPlist.strings in Resources */ = {isa = PBXBuildFile; fileRef = 9B9B09EF192BD5EB00F40D5C /* InfoPlist.strings */; };
		9B9B09F3192BD5EB00F40D5C /* main.m in Sources */ = {isa = PBXBuildFile; fileRef = 9B9B09F2192BD5EB00F40D5C /* main.m */; };
		9B9B09F7192BD5EB00F40D5C /* AppDelegate.m in Sources */ = {isa = PBXBuildFile; fileRef = 9B9B09F6192BD5EB00F40D5C /* AppDelegate.m */; };
		9B9B09FA192BD5EB00F40D5C /* Main.storyboard in Resources */ = {isa = PBXBuildFile; fileRef = 9B9B09F8192BD5EB00F40D5C /* Main.storyboard */; };
		9B9B09FD192BD5EB00F40D5C /* ViewController.m in Sources */ = {isa = PBXBuildFile; fileRef = 9B9B09FC192BD5EB00F40D5C /* ViewController.m */; };
		9B9B09FF192BD5EB00F40D5C /* Images.xcassets in Resources */ = {isa = PBXBuildFile; fileRef = 9B9B09FE192BD5EB00F40D5C /* Images.xcassets */; };
		9B9B0A06192BD5EB00F40D5C /* XCTest.framework in Frameworks */ = {isa = PBXBuildFile; fileRef = 9B9B0A05192BD5EB00F40D5C /* XCTest.framework */; };
		9B9B0A07192BD5EB00F40D5C /* Foundation.framework in Frameworks */ = {isa = PBXBuildFile; fileRef = 9B9B09E6192BD5EB00F40D5C /* Foundation.framework */; };
		9B9B0A08192BD5EB00F40D5C /* UIKit.framework in Frameworks */ = {isa = PBXBuildFile; fileRef = 9B9B09EA192BD5EB00F40D5C /* UIKit.framework */; };
		9B9B0A10192BD5EB00F40D5C /* InfoPlist.strings in Resources */ = {isa = PBXBuildFile; fileRef = 9B9B0A0E192BD5EB00F40D5C /* InfoPlist.strings */; };
		9B9B0A12192BD5EB00F40D5C /* MCMSTests.m in Sources */ = {isa = PBXBuildFile; fileRef = 9B9B0A11192BD5EB00F40D5C /* MCMSTests.m */; };
		9B9B0A1D192BD62000F40D5C /* MagicalCreature.m in Sources */ = {isa = PBXBuildFile; fileRef = 9B9B0A1C192BD62000F40D5C /* MagicalCreature.m */; };
		9B9B0A1F192BD83800F40D5C /* CheckMate.framework in Frameworks */ = {isa = PBXBuildFile; fileRef = 9B9B0A1E192BD83800F40D5C /* CheckMate.framework */; };
		9B9B0A22192BE25B00F40D5C /* ShowCreatureViewController.m in Sources */ = {isa = PBXBuildFile; fileRef = 9B9B0A21192BE25B00F40D5C /* ShowCreatureViewController.m */; };
		9B9B0A25192C381700F40D5C /* CreatureAccessories.m in Sources */ = {isa = PBXBuildFile; fileRef = 9B9B0A24192C381700F40D5C /* CreatureAccessories.m */; };
/* End PBXBuildFile section */

/* Begin PBXContainerItemProxy section */
		9B9B0A09192BD5EB00F40D5C /* PBXContainerItemProxy */ = {
			isa = PBXContainerItemProxy;
			containerPortal = 9B9B09DB192BD5EB00F40D5C /* Project object */;
			proxyType = 1;
			remoteGlobalIDString = 9B9B09E2192BD5EB00F40D5C;
			remoteInfo = MCMS;
		};
/* End PBXContainerItemProxy section */

/* Begin PBXFileReference section */
		9B9B09E3192BD5EB00F40D5C /* MCMS.app */ = {isa = PBXFileReference; explicitFileType = wrapper.application; includeInIndex = 0; path = MCMS.app; sourceTree = BUILT_PRODUCTS_DIR; };
		9B9B09E6192BD5EB00F40D5C /* Foundation.framework */ = {isa = PBXFileReference; lastKnownFileType = wrapper.framework; name = Foundation.framework; path = System/Library/Frameworks/Foundation.framework; sourceTree = SDKROOT; };
		9B9B09E8192BD5EB00F40D5C /* CoreGraphics.framework */ = {isa = PBXFileReference; lastKnownFileType = wrapper.framework; name = CoreGraphics.framework; path = System/Library/Frameworks/CoreGraphics.framework; sourceTree = SDKROOT; };
		9B9B09EA192BD5EB00F40D5C /* UIKit.framework */ = {isa = PBXFileReference; lastKnownFileType = wrapper.framework; name = UIKit.framework; path = System/Library/Frameworks/UIKit.framework; sourceTree = SDKROOT; };
		9B9B09EE192BD5EB00F40D5C /* MCMS-Info.plist */ = {isa = PBXFileReference; lastKnownFileType = text.plist.xml; path = "MCMS-Info.plist"; sourceTree = "<group>"; };
		9B9B09F0192BD5EB00F40D5C /* en */ = {isa = PBXFileReference; lastKnownFileType = text.plist.strings; name = en; path = en.lproj/InfoPlist.strings; sourceTree = "<group>"; };
		9B9B09F2192BD5EB00F40D5C /* main.m */ = {isa = PBXFileReference; lastKnownFileType = sourcecode.c.objc; path = main.m; sourceTree = "<group>"; };
		9B9B09F4192BD5EB00F40D5C /* MCMS-Prefix.pch */ = {isa = PBXFileReference; lastKnownFileType = sourcecode.c.h; path = "MCMS-Prefix.pch"; sourceTree = "<group>"; };
		9B9B09F5192BD5EB00F40D5C /* AppDelegate.h */ = {isa = PBXFileReference; lastKnownFileType = sourcecode.c.h; path = AppDelegate.h; sourceTree = "<group>"; };
		9B9B09F6192BD5EB00F40D5C /* AppDelegate.m */ = {isa = PBXFileReference; lastKnownFileType = sourcecode.c.objc; path = AppDelegate.m; sourceTree = "<group>"; };
		9B9B09F9192BD5EB00F40D5C /* Base */ = {isa = PBXFileReference; lastKnownFileType = file.storyboard; name = Base; path = Base.lproj/Main.storyboard; sourceTree = "<group>"; };
		9B9B09FB192BD5EB00F40D5C /* ViewController.h */ = {isa = PBXFileReference; lastKnownFileType = sourcecode.c.h; path = ViewController.h; sourceTree = "<group>"; };
		9B9B09FC192BD5EB00F40D5C /* ViewController.m */ = {isa = PBXFileReference; lastKnownFileType = sourcecode.c.objc; path = ViewController.m; sourceTree = "<group>"; };
		9B9B09FE192BD5EB00F40D5C /* Images.xcassets */ = {isa = PBXFileReference; lastKnownFileType = folder.assetcatalog; path = Images.xcassets; sourceTree = "<group>"; };
		9B9B0A04192BD5EB00F40D5C /* MCMSTests.xctest */ = {isa = PBXFileReference; explicitFileType = wrapper.cfbundle; includeInIndex = 0; path = MCMSTests.xctest; sourceTree = BUILT_PRODUCTS_DIR; };
		9B9B0A05192BD5EB00F40D5C /* XCTest.framework */ = {isa = PBXFileReference; lastKnownFileType = wrapper.framework; name = XCTest.framework; path = Library/Frameworks/XCTest.framework; sourceTree = DEVELOPER_DIR; };
		9B9B0A0D192BD5EB00F40D5C /* MCMSTests-Info.plist */ = {isa = PBXFileReference; lastKnownFileType = text.plist.xml; path = "MCMSTests-Info.plist"; sourceTree = "<group>"; };
		9B9B0A0F192BD5EB00F40D5C /* en */ = {isa = PBXFileReference; lastKnownFileType = text.plist.strings; name = en; path = en.lproj/InfoPlist.strings; sourceTree = "<group>"; };
		9B9B0A11192BD5EB00F40D5C /* MCMSTests.m */ = {isa = PBXFileReference; lastKnownFileType = sourcecode.c.objc; path = MCMSTests.m; sourceTree = "<group>"; };
		9B9B0A1B192BD62000F40D5C /* MagicalCreature.h */ = {isa = PBXFileReference; fileEncoding = 4; lastKnownFileType = sourcecode.c.h; name = MagicalCreature.h; path = ../MagicalCreature.h; sourceTree = "<group>"; };
		9B9B0A1C192BD62000F40D5C /* MagicalCreature.m */ = {isa = PBXFileReference; fileEncoding = 4; lastKnownFileType = sourcecode.c.objc; name = MagicalCreature.m; path = ../MagicalCreature.m; sourceTree = "<group>"; };
		9B9B0A1E192BD83800F40D5C /* CheckMate.framework */ = {isa = PBXFileReference; lastKnownFileType = wrapper.framework; name = CheckMate.framework; path = ../../../Desktop/CheckMate.framework; sourceTree = "<group>"; };
		9B9B0A20192BE25B00F40D5C /* ShowCreatureViewController.h */ = {isa = PBXFileReference; fileEncoding = 4; lastKnownFileType = sourcecode.c.h; name = ShowCreatureViewController.h; path = ../ShowCreatureViewController.h; sourceTree = "<group>"; };
		9B9B0A21192BE25B00F40D5C /* ShowCreatureViewController.m */ = {isa = PBXFileReference; fileEncoding = 4; lastKnownFileType = sourcecode.c.objc; name = ShowCreatureViewController.m; path = ../ShowCreatureViewController.m; sourceTree = "<group>"; };
		9B9B0A23192C381700F40D5C /* CreatureAccessories.h */ = {isa = PBXFileReference; fileEncoding = 4; lastKnownFileType = sourcecode.c.h; name = CreatureAccessories.h; path = ../CreatureAccessories.h; sourceTree = "<group>"; };
		9B9B0A24192C381700F40D5C /* CreatureAccessories.m */ = {isa = PBXFileReference; fileEncoding = 4; lastKnownFileType = sourcecode.c.objc; name = CreatureAccessories.m; path = ../CreatureAccessories.m; sourceTree = "<group>"; };
/* End PBXFileReference section */

/* Begin PBXFrameworksBuildPhase section */
		9B9B09E0192BD5EB00F40D5C /* Frameworks */ = {
			isa = PBXFrameworksBuildPhase;
			buildActionMask = 2147483647;
			files = (
				9B9B0A1F192BD83800F40D5C /* CheckMate.framework in Frameworks */,
				9B9B09E9192BD5EB00F40D5C /* CoreGraphics.framework in Frameworks */,
				9B9B09EB192BD5EB00F40D5C /* UIKit.framework in Frameworks */,
				9B9B09E7192BD5EB00F40D5C /* Foundation.framework in Frameworks */,
			);
			runOnlyForDeploymentPostprocessing = 0;
		};
		9B9B0A01192BD5EB00F40D5C /* Frameworks */ = {
			isa = PBXFrameworksBuildPhase;
			buildActionMask = 2147483647;
			files = (
				9B9B0A06192BD5EB00F40D5C /* XCTest.framework in Frameworks */,
				9B9B0A08192BD5EB00F40D5C /* UIKit.framework in Frameworks */,
				9B9B0A07192BD5EB00F40D5C /* Foundation.framework in Frameworks */,
			);
			runOnlyForDeploymentPostprocessing = 0;
		};
/* End PBXFrameworksBuildPhase section */

/* Begin PBXGroup section */
		9B9B09DA192BD5EB00F40D5C = {
			isa = PBXGroup;
			children = (
				9B9B09EC192BD5EB00F40D5C /* MCMS */,
				9B9B0A0B192BD5EB00F40D5C /* MCMSTests */,
				9B9B09E5192BD5EB00F40D5C /* Frameworks */,
				9B9B09E4192BD5EB00F40D5C /* Products */,
			);
			sourceTree = "<group>";
		};
		9B9B09E4192BD5EB00F40D5C /* Products */ = {
			isa = PBXGroup;
			children = (
				9B9B09E3192BD5EB00F40D5C /* MCMS.app */,
				9B9B0A04192BD5EB00F40D5C /* MCMSTests.xctest */,
			);
			name = Products;
			sourceTree = "<group>";
		};
		9B9B09E5192BD5EB00F40D5C /* Frameworks */ = {
			isa = PBXGroup;
			children = (
				9B9B0A1E192BD83800F40D5C /* CheckMate.framework */,
				9B9B09E6192BD5EB00F40D5C /* Foundation.framework */,
				9B9B09E8192BD5EB00F40D5C /* CoreGraphics.framework */,
				9B9B09EA192BD5EB00F40D5C /* UIKit.framework */,
				9B9B0A05192BD5EB00F40D5C /* XCTest.framework */,
			);
			name = Frameworks;
			sourceTree = "<group>";
		};
		9B9B09EC192BD5EB00F40D5C /* MCMS */ = {
			isa = PBXGroup;
			children = (
				9B9B09F5192BD5EB00F40D5C /* AppDelegate.h */,
				9B9B09F6192BD5EB00F40D5C /* AppDelegate.m */,
				9B9B09F8192BD5EB00F40D5C /* Main.storyboard */,
				9B9B09FB192BD5EB00F40D5C /* ViewController.h */,
				9B9B09FC192BD5EB00F40D5C /* ViewController.m */,
				9B9B0A20192BE25B00F40D5C /* ShowCreatureViewController.h */,
				9B9B0A21192BE25B00F40D5C /* ShowCreatureViewController.m */,
				9B9B0A1B192BD62000F40D5C /* MagicalCreature.h */,
				9B9B0A1C192BD62000F40D5C /* MagicalCreature.m */,
				9B9B0A23192C381700F40D5C /* CreatureAccessories.h */,
				9B9B0A24192C381700F40D5C /* CreatureAccessories.m */,
				9B9B09FE192BD5EB00F40D5C /* Images.xcassets */,
				9B9B09ED192BD5EB00F40D5C /* Supporting Files */,
			);
			path = MCMS;
			sourceTree = "<group>";
		};
		9B9B09ED192BD5EB00F40D5C /* Supporting Files */ = {
			isa = PBXGroup;
			children = (
				9B9B09EE192BD5EB00F40D5C /* MCMS-Info.plist */,
				9B9B09EF192BD5EB00F40D5C /* InfoPlist.strings */,
				9B9B09F2192BD5EB00F40D5C /* main.m */,
				9B9B09F4192BD5EB00F40D5C /* MCMS-Prefix.pch */,
			);
			name = "Supporting Files";
			sourceTree = "<group>";
		};
		9B9B0A0B192BD5EB00F40D5C /* MCMSTests */ = {
			isa = PBXGroup;
			children = (
				9B9B0A11192BD5EB00F40D5C /* MCMSTests.m */,
				9B9B0A0C192BD5EB00F40D5C /* Supporting Files */,
			);
			path = MCMSTests;
			sourceTree = "<group>";
		};
		9B9B0A0C192BD5EB00F40D5C /* Supporting Files */ = {
			isa = PBXGroup;
			children = (
				9B9B0A0D192BD5EB00F40D5C /* MCMSTests-Info.plist */,
				9B9B0A0E192BD5EB00F40D5C /* InfoPlist.strings */,
			);
			name = "Supporting Files";
			sourceTree = "<group>";
		};
/* End PBXGroup section */

/* Begin PBXNativeTarget section */
		9B9B09E2192BD5EB00F40D5C /* MCMS */ = {
			isa = PBXNativeTarget;
			buildConfigurationList = 9B9B0A15192BD5EB00F40D5C /* Build configuration list for PBXNativeTarget "MCMS" */;
			buildPhases = (
				9B9B09DF192BD5EB00F40D5C /* Sources */,
				9B9B09E0192BD5EB00F40D5C /* Frameworks */,
				9B9B09E1192BD5EB00F40D5C /* Resources */,
			);
			buildRules = (
			);
			dependencies = (
			);
			name = MCMS;
			productName = MCMS;
			productReference = 9B9B09E3192BD5EB00F40D5C /* MCMS.app */;
			productType = "com.apple.product-type.application";
		};
		9B9B0A03192BD5EB00F40D5C /* MCMSTests */ = {
			isa = PBXNativeTarget;
			buildConfigurationList = 9B9B0A18192BD5EB00F40D5C /* Build configuration list for PBXNativeTarget "MCMSTests" */;
			buildPhases = (
				9B9B0A00192BD5EB00F40D5C /* Sources */,
				9B9B0A01192BD5EB00F40D5C /* Frameworks */,
				9B9B0A02192BD5EB00F40D5C /* Resources */,
			);
			buildRules = (
			);
			dependencies = (
				9B9B0A0A192BD5EB00F40D5C /* PBXTargetDependency */,
			);
			name = MCMSTests;
			productName = MCMSTests;
			productReference = 9B9B0A04192BD5EB00F40D5C /* MCMSTests.xctest */;
			productType = "com.apple.product-type.bundle.unit-test";
		};
/* End PBXNativeTarget section */

/* Begin PBXProject section */
		9B9B09DB192BD5EB00F40D5C /* Project object */ = {
			isa = PBXProject;
			attributes = {
				LastUpgradeCheck = 0510;
				ORGANIZATIONNAME = Rich;
				TargetAttributes = {
					9B9B0A03192BD5EB00F40D5C = {
						TestTargetID = 9B9B09E2192BD5EB00F40D5C;
					};
				};
			};
			buildConfigurationList = 9B9B09DE192BD5EB00F40D5C /* Build configuration list for PBXProject "MCMS" */;
			compatibilityVersion = "Xcode 3.2";
			developmentRegion = English;
			hasScannedForEncodings = 0;
			knownRegions = (
				en,
				Base,
			);
			mainGroup = 9B9B09DA192BD5EB00F40D5C;
			productRefGroup = 9B9B09E4192BD5EB00F40D5C /* Products */;
			projectDirPath = "";
			projectRoot = "";
			targets = (
				9B9B09E2192BD5EB00F40D5C /* MCMS */,
				9B9B0A03192BD5EB00F40D5C /* MCMSTests */,
			);
		};
/* End PBXProject section */

/* Begin PBXResourcesBuildPhase section */
		9B9B09E1192BD5EB00F40D5C /* Resources */ = {
			isa = PBXResourcesBuildPhase;
			buildActionMask = 2147483647;
			files = (
				9B9B09FF192BD5EB00F40D5C /* Images.xcassets in Resources */,
				9B9B09F1192BD5EB00F40D5C /* InfoPlist.strings in Resources */,
				9B9B09FA192BD5EB00F40D5C /* Main.storyboard in Resources */,
			);
			runOnlyForDeploymentPostprocessing = 0;
		};
		9B9B0A02192BD5EB00F40D5C /* Resources */ = {
			isa = PBXResourcesBuildPhase;
			buildActionMask = 2147483647;
			files = (
				9B9B0A10192BD5EB00F40D5C /* InfoPlist.strings in Resources */,
			);
			runOnlyForDeploymentPostprocessing = 0;
		};
/* End PBXResourcesBuildPhase section */

/* Begin PBXSourcesBuildPhase section */
		9B9B09DF192BD5EB00F40D5C /* Sources */ = {
			isa = PBXSourcesBuildPhase;
			buildActionMask = 2147483647;
			files = (
				9B9B0A22192BE25B00F40D5C /* ShowCreatureViewController.m in Sources */,
				9B9B0A25192C381700F40D5C /* CreatureAccessories.m in Sources */,
				9B9B09FD192BD5EB00F40D5C /* ViewController.m in Sources */,
				9B9B0A1D192BD62000F40D5C /* MagicalCreature.m in Sources */,
				9B9B09F7192BD5EB00F40D5C /* AppDelegate.m in Sources */,
				9B9B09F3192BD5EB00F40D5C /* main.m in Sources */,
			);
			runOnlyForDeploymentPostprocessing = 0;
		};
		9B9B0A00192BD5EB00F40D5C /* Sources */ = {
			isa = PBXSourcesBuildPhase;
			buildActionMask = 2147483647;
			files = (
				9B9B0A12192BD5EB00F40D5C /* MCMSTests.m in Sources */,
			);
			runOnlyForDeploymentPostprocessing = 0;
		};
/* End PBXSourcesBuildPhase section */

/* Begin PBXTargetDependency section */
		9B9B0A0A192BD5EB00F40D5C /* PBXTargetDependency */ = {
			isa = PBXTargetDependency;
			target = 9B9B09E2192BD5EB00F40D5C /* MCMS */;
			targetProxy = 9B9B0A09192BD5EB00F40D5C /* PBXContainerItemProxy */;
		};
/* End PBXTargetDependency section */

/* Begin PBXVariantGroup section */
		9B9B09EF192BD5EB00F40D5C /* InfoPlist.strings */ = {
			isa = PBXVariantGroup;
			children = (
				9B9B09F0192BD5EB00F40D5C /* en */,
			);
			name = InfoPlist.strings;
			sourceTree = "<group>";
		};
		9B9B09F8192BD5EB00F40D5C /* Main.storyboard */ = {
			isa = PBXVariantGroup;
			children = (
				9B9B09F9192BD5EB00F40D5C /* Base */,
			);
			name = Main.storyboard;
			sourceTree = "<group>";
		};
		9B9B0A0E192BD5EB00F40D5C /* InfoPlist.strings */ = {
			isa = PBXVariantGroup;
			children = (
				9B9B0A0F192BD5EB00F40D5C /* en */,
			);
			name = InfoPlist.strings;
			sourceTree = "<group>";
		};
/* End PBXVariantGroup section */

/* Begin XCBuildConfiguration section */
		9B9B0A13192BD5EB00F40D5C /* Debug */ = {
			isa = XCBuildConfiguration;
			buildSettings = {
				ALWAYS_SEARCH_USER_PATHS = NO;
				CLANG_CXX_LANGUAGE_STANDARD = "gnu++0x";
				CLANG_CXX_LIBRARY = "libc++";
				CLANG_ENABLE_MODULES = YES;
				CLANG_ENABLE_OBJC_ARC = YES;
				CLANG_WARN_BOOL_CONVERSION = YES;
				CLANG_WARN_CONSTANT_CONVERSION = YES;
				CLANG_WARN_DIRECT_OBJC_ISA_USAGE = YES_ERROR;
				CLANG_WARN_EMPTY_BODY = YES;
				CLANG_WARN_ENUM_CONVERSION = YES;
				CLANG_WARN_INT_CONVERSION = YES;
				CLANG_WARN_OBJC_ROOT_CLASS = YES_ERROR;
				CLANG_WARN__DUPLICATE_METHOD_MATCH = YES;
				"CODE_SIGN_IDENTITY[sdk=iphoneos*]" = "iPhone Developer";
				COPY_PHASE_STRIP = NO;
				GCC_C_LANGUAGE_STANDARD = gnu99;
				GCC_DYNAMIC_NO_PIC = NO;
				GCC_OPTIMIZATION_LEVEL = 0;
				GCC_PREPROCESSOR_DEFINITIONS = (
					"DEBUG=1",
					"$(inherited)",
				);
				GCC_SYMBOLS_PRIVATE_EXTERN = NO;
				GCC_WARN_64_TO_32_BIT_CONVERSION = YES;
				GCC_WARN_ABOUT_RETURN_TYPE = YES_ERROR;
				GCC_WARN_UNDECLARED_SELECTOR = YES;
				GCC_WARN_UNINITIALIZED_AUTOS = YES_AGGRESSIVE;
				GCC_WARN_UNUSED_FUNCTION = YES;
				GCC_WARN_UNUSED_VARIABLE = YES;
				IPHONEOS_DEPLOYMENT_TARGET = 7.1;
				ONLY_ACTIVE_ARCH = YES;
				SDKROOT = iphoneos;
			};
			name = Debug;
		};
		9B9B0A14192BD5EB00F40D5C /* Release */ = {
			isa = XCBuildConfiguration;
			buildSettings = {
				ALWAYS_SEARCH_USER_PATHS = NO;
				CLANG_CXX_LANGUAGE_STANDARD = "gnu++0x";
				CLANG_CXX_LIBRARY = "libc++";
				CLANG_ENABLE_MODULES = YES;
				CLANG_ENABLE_OBJC_ARC = YES;
				CLANG_WARN_BOOL_CONVERSION = YES;
				CLANG_WARN_CONSTANT_CONVERSION = YES;
				CLANG_WARN_DIRECT_OBJC_ISA_USAGE = YES_ERROR;
				CLANG_WARN_EMPTY_BODY = YES;
				CLANG_WARN_ENUM_CONVERSION = YES;
				CLANG_WARN_INT_CONVERSION = YES;
				CLANG_WARN_OBJC_ROOT_CLASS = YES_ERROR;
				CLANG_WARN__DUPLICATE_METHOD_MATCH = YES;
				"CODE_SIGN_IDENTITY[sdk=iphoneos*]" = "iPhone Developer";
				COPY_PHASE_STRIP = YES;
				ENABLE_NS_ASSERTIONS = NO;
				GCC_C_LANGUAGE_STANDARD = gnu99;
				GCC_WARN_64_TO_32_BIT_CONVERSION = YES;
				GCC_WARN_ABOUT_RETURN_TYPE = YES_ERROR;
				GCC_WARN_UNDECLARED_SELECTOR = YES;
				GCC_WARN_UNINITIALIZED_AUTOS = YES_AGGRESSIVE;
				GCC_WARN_UNUSED_FUNCTION = YES;
				GCC_WARN_UNUSED_VARIABLE = YES;
				IPHONEOS_DEPLOYMENT_TARGET = 7.1;
				SDKROOT = iphoneos;
				VALIDATE_PRODUCT = YES;
			};
			name = Release;
		};
		9B9B0A16192BD5EB00F40D5C /* Debug */ = {
			isa = XCBuildConfiguration;
			buildSettings = {
				ASSETCATALOG_COMPILER_APPICON_NAME = AppIcon;
				ASSETCATALOG_COMPILER_LAUNCHIMAGE_NAME = LaunchImage;
				FRAMEWORK_SEARCH_PATHS = (
					"$(inherited)",
					/Users/Rich/Desktop,
				);
				GCC_PRECOMPILE_PREFIX_HEADER = YES;
				GCC_PREFIX_HEADER = "MCMS/MCMS-Prefix.pch";
				INFOPLIST_FILE = "MCMS/MCMS-Info.plist";
				PRODUCT_NAME = "$(TARGET_NAME)";
				WRAPPER_EXTENSION = app;
			};
			name = Debug;
		};
		9B9B0A17192BD5EB00F40D5C /* Release */ = {
			isa = XCBuildConfiguration;
			buildSettings = {
				ASSETCATALOG_COMPILER_APPICON_NAME = AppIcon;
				ASSETCATALOG_COMPILER_LAUNCHIMAGE_NAME = LaunchImage;
				FRAMEWORK_SEARCH_PATHS = (
					"$(inherited)",
					/Users/Rich/Desktop,
				);
				GCC_PRECOMPILE_PREFIX_HEADER = YES;
				GCC_PREFIX_HEADER = "MCMS/MCMS-Prefix.pch";
				INFOPLIST_FILE = "MCMS/MCMS-Info.plist";
				PRODUCT_NAME = "$(TARGET_NAME)";
				WRAPPER_EXTENSION = app;
			};
			name = Release;
		};
		9B9B0A19192BD5EB00F40D5C /* Debug */ = {
			isa = XCBuildConfiguration;
			buildSettings = {
				BUNDLE_LOADER = "$(BUILT_PRODUCTS_DIR)/MCMS.app/MCMS";
				FRAMEWORK_SEARCH_PATHS = (
					"$(SDKROOT)/Developer/Library/Frameworks",
					"$(inherited)",
					"$(DEVELOPER_FRAMEWORKS_DIR)",
				);
				GCC_PRECOMPILE_PREFIX_HEADER = YES;
				GCC_PREFIX_HEADER = "MCMS/MCMS-Prefix.pch";
				GCC_PREPROCESSOR_DEFINITIONS = (
					"DEBUG=1",
					"$(inherited)",
				);
				INFOPLIST_FILE = "MCMSTests/MCMSTests-Info.plist";
				PRODUCT_NAME = "$(TARGET_NAME)";
				TEST_HOST = "$(BUNDLE_LOADER)";
				WRAPPER_EXTENSION = xctest;
			};
			name = Debug;
		};
		9B9B0A1A192BD5EB00F40D5C /* Release */ = {
			isa = XCBuildConfiguration;
			buildSettings = {
				BUNDLE_LOADER = "$(BUILT_PRODUCTS_DIR)/MCMS.app/MCMS";
				FRAMEWORK_SEARCH_PATHS = (
					"$(SDKROOT)/Developer/Library/Frameworks",
					"$(inherited)",
					"$(DEVELOPER_FRAMEWORKS_DIR)",
				);
				GCC_PRECOMPILE_PREFIX_HEADER = YES;
				GCC_PREFIX_HEADER = "MCMS/MCMS-Prefix.pch";
				INFOPLIST_FILE = "MCMSTests/MCMSTests-Info.plist";
				PRODUCT_NAME = "$(TARGET_NAME)";
				TEST_HOST = "$(BUNDLE_LOADER)";
				WRAPPER_EXTENSION = xctest;
			};
			name = Release;
		};
/* End XCBuildConfiguration section */

/* Begin XCConfigurationList section */
		9B9B09DE192BD5EB00F40D5C /* Build configuration list for PBXProject "MCMS" */ = {
			isa = XCConfigurationList;
			buildConfigurations = (
				9B9B0A13192BD5EB00F40D5C /* Debug */,
				9B9B0A14192BD5EB00F40D5C /* Release */,
			);
			defaultConfigurationIsVisible = 0;
			defaultConfigurationName = Release;
		};
		9B9B0A15192BD5EB00F40D5C /* Build configuration list for PBXNativeTarget "MCMS" */ = {
			isa = XCConfigurationList;
			buildConfigurations = (
				9B9B0A16192BD5EB00F40D5C /* Debug */,
				9B9B0A17192BD5EB00F40D5C /* Release */,
			);
			defaultConfigurationIsVisible = 0;
		};
		9B9B0A18192BD5EB00F40D5C /* Build configuration list for PBXNativeTarget "MCMSTests" */ = {
			isa = XCConfigurationList;
			buildConfigurations = (
				9B9B0A19192BD5EB00F40D5C /* Debug */,
				9B9B0A1A192BD5EB00F40D5C /* Release */,
			);
			defaultConfigurationIsVisible = 0;
		};
/* End XCConfigurationList section */
	};
	rootObject = 9B9B09DB192BD5EB00F40D5C /* Project object */;
}
